
Microsoft Visual Studio Solution File, Format Version 12.00
# Visual Studio 15
VisualStudioVersion = 15.0.27703.2042
MinimumVisualStudioVersion = 10.0.40219.1
Project("{FAE04EC0-301F-11D3-BF4B-00C04F79EFBC}") = "JekaKurs", "JekaKurs\JekaKurs.csproj", "{083E2BFB-D976-4A7A-85A4-954572B8667B}"
EndProject
Global
	GlobalSection(SolutionConfigurationPlatforms) = preSolution
		Debug|Any CPU = Debug|Any CPU
		Release|Any CPU = Release|Any CPU
	EndGlobalSection
	GlobalSection(ProjectConfigurationPlatforms) = postSolution
		{083E2BFB-D976-4A7A-85A4-954572B8667B}.Debug|Any CPU.ActiveCfg = Debug|Any CPU
		{083E2BFB-D976-4A7A-85A4-954572B8667B}.Debug|Any CPU.Build.0 = Debug|Any CPU
		{083E2BFB-D976-4A7A-85A4-954572B8667B}.Release|Any CPU.ActiveCfg = Release|Any CPU
		{083E2BFB-D976-4A7A-85A4-954572B8667B}.Release|Any CPU.Build.0 = Release|Any CPU
	EndGlobalSection
	GlobalSection(SolutionProperties) = preSolution
		HideSolutionNode = FALSE
	EndGlobalSection
	GlobalSection(ExtensibilityGlobals) = postSolution
		SolutionGuid = {F057B661-C6EC-4DB4-AB25-019A4A259536}
	EndGlobalSection
EndGlobal
